
Microsoft Visual Studio Solution File, Format Version 12.00
# Visual Studio Version 16
VisualStudioVersion = 16.0.30816.121
MinimumVisualStudioVersion = 10.0.40219.1
Project("{FAE04EC0-301F-11D3-BF4B-00C04F79EFBC}") = "StartInfo", "StartInfo\StartInfo.csproj", "{04E020BB-71FC-4BCC-B722-AFAA06F4985A}"
EndProject
Global
	GlobalSection(SolutionConfigurationPlatforms) = preSolution
		Debug|Any CPU = Debug|Any CPU
		Release|Any CPU = Release|Any CPU
	EndGlobalSection
	GlobalSection(ProjectConfigurationPlatforms) = postSolution
		{04E020BB-71FC-4BCC-B722-AFAA06F4985A}.Debug|Any CPU.ActiveCfg = Debug|Any CPU
		{04E020BB-71FC-4BCC-B722-AFAA06F4985A}.Debug|Any CPU.Build.0 = Debug|Any CPU
		{04E020BB-71FC-4BCC-B722-AFAA06F4985A}.Release|Any CPU.ActiveCfg = Release|Any CPU
		{04E020BB-71FC-4BCC-B722-AFAA06F4985A}.Release|Any CPU.Build.0 = Release|Any CPU
	EndGlobalSection
	GlobalSection(SolutionProperties) = preSolution
		HideSolutionNode = FALSE
	EndGlobalSection
	GlobalSection(ExtensibilityGlobals) = postSolution
		SolutionGuid = {8EE47BCF-748C-4CA6-88F1-8539583881D9}
	EndGlobalSection
EndGlobal
