
Microsoft Visual Studio Solution File, Format Version 12.00
# Visual Studio Version 17
VisualStudioVersion = 17.3.32901.215
MinimumVisualStudioVersion = 10.0.40219.1
Project("{FAE04EC0-301F-11D3-BF4B-00C04F79EFBC}") = "libBanque", "LilBanque\libBanque.csproj", "{2A218A92-095D-4AA2-ABF9-DF339563FFD3}"
EndProject
Project("{FAE04EC0-301F-11D3-BF4B-00C04F79EFBC}") = "AppWindowsBanque", "AppWindowsBanque\AppWindowsBanque.csproj", "{220C86EA-AA1D-49AE-972C-6EBE92C7C09F}"
EndProject
Global
	GlobalSection(SolutionConfigurationPlatforms) = preSolution
		Debug|Any CPU = Debug|Any CPU
		Release|Any CPU = Release|Any CPU
	EndGlobalSection
	GlobalSection(ProjectConfigurationPlatforms) = postSolution
		{2A218A92-095D-4AA2-ABF9-DF339563FFD3}.Debug|Any CPU.ActiveCfg = Debug|Any CPU
		{2A218A92-095D-4AA2-ABF9-DF339563FFD3}.Debug|Any CPU.Build.0 = Debug|Any CPU
		{2A218A92-095D-4AA2-ABF9-DF339563FFD3}.Release|Any CPU.ActiveCfg = Release|Any CPU
		{2A218A92-095D-4AA2-ABF9-DF339563FFD3}.Release|Any CPU.Build.0 = Release|Any CPU
		{220C86EA-AA1D-49AE-972C-6EBE92C7C09F}.Debug|Any CPU.ActiveCfg = Debug|Any CPU
		{220C86EA-AA1D-49AE-972C-6EBE92C7C09F}.Debug|Any CPU.Build.0 = Debug|Any CPU
		{220C86EA-AA1D-49AE-972C-6EBE92C7C09F}.Release|Any CPU.ActiveCfg = Release|Any CPU
		{220C86EA-AA1D-49AE-972C-6EBE92C7C09F}.Release|Any CPU.Build.0 = Release|Any CPU
	EndGlobalSection
	GlobalSection(SolutionProperties) = preSolution
		HideSolutionNode = FALSE
	EndGlobalSection
	GlobalSection(ExtensibilityGlobals) = postSolution
		SolutionGuid = {70BD3A66-33A1-4E29-99FE-C276CD5D5F1E}
	EndGlobalSection
EndGlobal
