
Microsoft Visual Studio Solution File, Format Version 12.00
# Visual Studio Version 17
VisualStudioVersion = 17.3.32901.215
MinimumVisualStudioVersion = 10.0.40219.1
Project("{FAE04EC0-301F-11D3-BF4B-00C04F79EFBC}") = "WfCalculs", "WfCalculs\WfCalculs.csproj", "{1C5094C7-65F1-4A72-992E-3D4B90A16AFC}"
EndProject
Global
	GlobalSection(SolutionConfigurationPlatforms) = preSolution
		Debug|Any CPU = Debug|Any CPU
		Release|Any CPU = Release|Any CPU
	EndGlobalSection
	GlobalSection(ProjectConfigurationPlatforms) = postSolution
		{1C5094C7-65F1-4A72-992E-3D4B90A16AFC}.Debug|Any CPU.ActiveCfg = Debug|Any CPU
		{1C5094C7-65F1-4A72-992E-3D4B90A16AFC}.Debug|Any CPU.Build.0 = Debug|Any CPU
		{1C5094C7-65F1-4A72-992E-3D4B90A16AFC}.Release|Any CPU.ActiveCfg = Release|Any CPU
		{1C5094C7-65F1-4A72-992E-3D4B90A16AFC}.Release|Any CPU.Build.0 = Release|Any CPU
	EndGlobalSection
	GlobalSection(SolutionProperties) = preSolution
		HideSolutionNode = FALSE
	EndGlobalSection
	GlobalSection(ExtensibilityGlobals) = postSolution
		SolutionGuid = {FD03C487-9A50-4956-A710-B107D06A3EBE}
	EndGlobalSection
EndGlobal
