
Microsoft Visual Studio Solution File, Format Version 12.00
# Visual Studio Version 17
VisualStudioVersion = 17.3.32901.215
MinimumVisualStudioVersion = 10.0.40219.1
Project("{FAE04EC0-301F-11D3-BF4B-00C04F79EFBC}") = "TP_suivi_des_connexions", "TP_suivi_des_connexions.csproj", "{C4E4D66E-A384-485F-901B-573A436D2B39}"
EndProject
Global
	GlobalSection(SolutionConfigurationPlatforms) = preSolution
		Debug|Any CPU = Debug|Any CPU
		Release|Any CPU = Release|Any CPU
	EndGlobalSection
	GlobalSection(ProjectConfigurationPlatforms) = postSolution
		{C4E4D66E-A384-485F-901B-573A436D2B39}.Debug|Any CPU.ActiveCfg = Debug|Any CPU
		{C4E4D66E-A384-485F-901B-573A436D2B39}.Debug|Any CPU.Build.0 = Debug|Any CPU
		{C4E4D66E-A384-485F-901B-573A436D2B39}.Release|Any CPU.ActiveCfg = Release|Any CPU
		{C4E4D66E-A384-485F-901B-573A436D2B39}.Release|Any CPU.Build.0 = Release|Any CPU
	EndGlobalSection
	GlobalSection(SolutionProperties) = preSolution
		HideSolutionNode = FALSE
	EndGlobalSection
	GlobalSection(ExtensibilityGlobals) = postSolution
		SolutionGuid = {2391631D-071E-4E95-9DE9-3F5B3084CC8B}
	EndGlobalSection
EndGlobal
