
Microsoft Visual Studio Solution File, Format Version 12.00
# Visual Studio Version 16
VisualStudioVersion = 16.0.30816.121
MinimumVisualStudioVersion = 10.0.40219.1
Project("{FAE04EC0-301F-11D3-BF4B-00C04F79EFBC}") = "Pierre_feuille_ciseaux", "Pierre_feuille_ciseaux\Pierre_feuille_ciseaux.csproj", "{28835F4B-9C4E-4F69-9C63-72FE320B6DCD}"
EndProject
Global
	GlobalSection(SolutionConfigurationPlatforms) = preSolution
		Debug|Any CPU = Debug|Any CPU
		Release|Any CPU = Release|Any CPU
	EndGlobalSection
	GlobalSection(ProjectConfigurationPlatforms) = postSolution
		{28835F4B-9C4E-4F69-9C63-72FE320B6DCD}.Debug|Any CPU.ActiveCfg = Debug|Any CPU
		{28835F4B-9C4E-4F69-9C63-72FE320B6DCD}.Debug|Any CPU.Build.0 = Debug|Any CPU
		{28835F4B-9C4E-4F69-9C63-72FE320B6DCD}.Release|Any CPU.ActiveCfg = Release|Any CPU
		{28835F4B-9C4E-4F69-9C63-72FE320B6DCD}.Release|Any CPU.Build.0 = Release|Any CPU
	EndGlobalSection
	GlobalSection(SolutionProperties) = preSolution
		HideSolutionNode = FALSE
	EndGlobalSection
	GlobalSection(ExtensibilityGlobals) = postSolution
		SolutionGuid = {2FCE5EDF-D409-4CFC-BC1F-2EA0C58655A2}
	EndGlobalSection
EndGlobal
