
Microsoft Visual Studio Solution File, Format Version 12.00
# Visual Studio Version 16
VisualStudioVersion = 16.0.30816.121
MinimumVisualStudioVersion = 10.0.40219.1
Project("{FAE04EC0-301F-11D3-BF4B-00C04F79EFBC}") = "Enonce1", "Enonce1\Enonce1.csproj", "{75BDCF2A-538C-4F68-A16A-B67345A8BC36}"
EndProject
Project("{FAE04EC0-301F-11D3-BF4B-00C04F79EFBC}") = "Enonce2", "Enonce2\Enonce2.csproj", "{0333079C-5D41-4851-A0B2-F818590FFBD7}"
EndProject
Global
	GlobalSection(SolutionConfigurationPlatforms) = preSolution
		Debug|Any CPU = Debug|Any CPU
		Release|Any CPU = Release|Any CPU
	EndGlobalSection
	GlobalSection(ProjectConfigurationPlatforms) = postSolution
		{75BDCF2A-538C-4F68-A16A-B67345A8BC36}.Debug|Any CPU.ActiveCfg = Debug|Any CPU
		{75BDCF2A-538C-4F68-A16A-B67345A8BC36}.Debug|Any CPU.Build.0 = Debug|Any CPU
		{75BDCF2A-538C-4F68-A16A-B67345A8BC36}.Release|Any CPU.ActiveCfg = Release|Any CPU
		{75BDCF2A-538C-4F68-A16A-B67345A8BC36}.Release|Any CPU.Build.0 = Release|Any CPU
		{0333079C-5D41-4851-A0B2-F818590FFBD7}.Debug|Any CPU.ActiveCfg = Debug|Any CPU
		{0333079C-5D41-4851-A0B2-F818590FFBD7}.Debug|Any CPU.Build.0 = Debug|Any CPU
		{0333079C-5D41-4851-A0B2-F818590FFBD7}.Release|Any CPU.ActiveCfg = Release|Any CPU
		{0333079C-5D41-4851-A0B2-F818590FFBD7}.Release|Any CPU.Build.0 = Release|Any CPU
	EndGlobalSection
	GlobalSection(SolutionProperties) = preSolution
		HideSolutionNode = FALSE
	EndGlobalSection
	GlobalSection(ExtensibilityGlobals) = postSolution
		SolutionGuid = {ABC52CA2-4AF9-41EF-A0B3-FE708382F352}
	EndGlobalSection
EndGlobal
